{
  "object": {
    "pins": [
      {
        "package": "MathParser",
        "repositoryURL": "git@github.com:davedelong/DDMathParser.git",
        "state": {
          "branch": "master",
          "revision": "6f5bd1281216200dfb96998836fcb35ef7cd024e",
          "version": null
        }
      },
      {
        "package": "swift-algorithms",
        "repositoryURL": "git@github.com:apple/swift-algorithms.git",
        "state": {
          "branch": null,
          "revision": "bb3bafeca0e164ece3403a9de646b7d38c07dd49",
          "version": "0.0.2"
        }
      },
      {
        "package": "swift-numerics",
        "repositoryURL": "https://github.com/apple/swift-numerics",
        "state": {
          "branch": null,
          "revision": "6b24333510e9044cf4716a07bed65eeed6bc6393",
          "version": "0.0.8"
        }
      }
    ]
  },
  "version": 1
}
