{
  "object": {
    "pins": [
      {
        "package": "MathParser",
        "repositoryURL": "git@github.com:davedelong/DDMathParser.git",
        "state": {
          "branch": "master",
          "revision": "6f5bd1281216200dfb96998836fcb35ef7cd024e",
          "version": null
        }
      },
      {
        "package": "swift-algorithms",
        "repositoryURL": "git@github.com:apple/swift-algorithms.git",
        "state": {
          "branch": null,
          "revision": "2327673b0e9c7e90e6b1826376526ec3627210e4",
          "version": "0.2.1"
        }
      },
      {
        "package": "swift-collections",
        "repositoryURL": "git@github.com:apple/swift-collections.git",
        "state": {
          "branch": null,
          "revision": "48254824bb4248676bf7ce56014ff57b142b77eb",
          "version": "1.0.2"
        }
      },
      {
        "package": "swift-numerics",
        "repositoryURL": "https://github.com/apple/swift-numerics",
        "state": {
          "branch": null,
          "revision": "6b24333510e9044cf4716a07bed65eeed6bc6393",
          "version": "0.0.8"
        }
      }
    ]
  },
  "version": 1
}
