{
  "pins" : [
    {
      "identity" : "ddmathparser",
      "kind" : "remoteSourceControl",
      "location" : "git@github.com:davedelong/DDMathParser.git",
      "state" : {
        "branch" : "master",
        "revision" : "6f5bd1281216200dfb96998836fcb35ef7cd024e"
      }
    },
    {
      "identity" : "extendedswift",
      "kind" : "remoteSourceControl",
      "location" : "git@github.com:davedelong/ExtendedSwift.git",
      "state" : {
        "branch" : "main",
        "revision" : "069c78bc9e6f8d54afcb88cc577908c8902912dd"
      }
    },
    {
      "identity" : "swift-algorithms",
      "kind" : "remoteSourceControl",
      "location" : "https://github.com/apple/swift-algorithms.git",
      "state" : {
        "revision" : "f6919dfc309e7f1b56224378b11e28bab5bccc42",
        "version" : "1.2.0"
      }
    },
    {
      "identity" : "swift-log",
      "kind" : "remoteSourceControl",
      "location" : "https://github.com/apple/swift-log.git",
      "state" : {
        "revision" : "532d8b529501fb73a2455b179e0bbb6d49b652ed",
        "version" : "1.5.3"
      }
    },
    {
      "identity" : "swift-numerics",
      "kind" : "remoteSourceControl",
      "location" : "https://github.com/apple/swift-numerics",
      "state" : {
        "revision" : "0a5bc04095a675662cf24757cc0640aa2204253b",
        "version" : "1.0.2"
      }
    }
  ],
  "version" : 2
}
